{
  "originHash" : "a1bb5550333bb0dc5219df50c45a47edcb1cff5ea429c1fafbf4b99ead690ad9",
  "pins" : [
    {
      "identity" : "duckdb-swift",
      "kind" : "remoteSourceControl",
      "location" : "https://github.com/duckdb/duckdb-swift.git",
      "state" : {
        "revision" : "9583f44fedc20a8e0b6151d2e43f6d850016712f",
        "version" : "1.1.3"
      }
    }
  ],
  "version" : 3
}
